
Microsoft Visual Studio Solution File, Format Version 12.00
# Visual Studio Version 16
VisualStudioVersion = 16.0.32126.315
MinimumVisualStudioVersion = 10.0.40219.1
Project("{FAE04EC0-301F-11D3-BF4B-00C04F79EFBC}") = "lenguaSenias.UWP", "lenguaSenias\lenguaSenias.UWP\lenguaSenias.UWP.csproj", "{820FE902-9FE7-434A-A2E6-69232D8E7755}"
EndProject
Project("{FAE04EC0-301F-11D3-BF4B-00C04F79EFBC}") = "lenguaSenias.Android", "lenguaSenias\lenguaSenias.Android\lenguaSenias.Android.csproj", "{495A9B44-6C12-42FE-BC9F-04D925625245}"
EndProject
Project("{FAE04EC0-301F-11D3-BF4B-00C04F79EFBC}") = "lenguaSenias.iOS", "lenguaSenias\lenguaSenias.iOS\lenguaSenias.iOS.csproj", "{242B2ED8-F036-4B94-ABA2-7738D78BF106}"
EndProject
Project("{FAE04EC0-301F-11D3-BF4B-00C04F79EFBC}") = "lenguaSenias", "lenguaSenias\lenguaSenias\lenguaSenias.csproj", "{FF919F29-98B5-4542-8D79-9918C58BCF24}"
EndProject
Global
	GlobalSection(SolutionConfigurationPlatforms) = preSolution
		Debug|Any CPU = Debug|Any CPU
		Debug|ARM = Debug|ARM
		Debug|iPhone = Debug|iPhone
		Debug|iPhoneSimulator = Debug|iPhoneSimulator
		Debug|x64 = Debug|x64
		Debug|x86 = Debug|x86
		Release|Any CPU = Release|Any CPU
		Release|ARM = Release|ARM
		Release|iPhone = Release|iPhone
		Release|iPhoneSimulator = Release|iPhoneSimulator
		Release|x64 = Release|x64
		Release|x86 = Release|x86
	EndGlobalSection
	GlobalSection(ProjectConfigurationPlatforms) = postSolution
		{820FE902-9FE7-434A-A2E6-69232D8E7755}.Debug|Any CPU.ActiveCfg = Debug|x86
		{820FE902-9FE7-434A-A2E6-69232D8E7755}.Debug|Any CPU.Build.0 = Debug|x86
		{820FE902-9FE7-434A-A2E6-69232D8E7755}.Debug|Any CPU.Deploy.0 = Debug|x86
		{820FE902-9FE7-434A-A2E6-69232D8E7755}.Debug|ARM.ActiveCfg = Debug|ARM
		{820FE902-9FE7-434A-A2E6-69232D8E7755}.Debug|ARM.Build.0 = Debug|ARM
		{820FE902-9FE7-434A-A2E6-69232D8E7755}.Debug|ARM.Deploy.0 = Debug|ARM
		{820FE902-9FE7-434A-A2E6-69232D8E7755}.Debug|iPhone.ActiveCfg = Debug|x86
		{820FE902-9FE7-434A-A2E6-69232D8E7755}.Debug|iPhone.Build.0 = Debug|x86
		{820FE902-9FE7-434A-A2E6-69232D8E7755}.Debug|iPhone.Deploy.0 = Debug|x86
		{820FE902-9FE7-434A-A2E6-69232D8E7755}.Debug|iPhoneSimulator.ActiveCfg = Debug|x86
		{820FE902-9FE7-434A-A2E6-69232D8E7755}.Debug|iPhoneSimulator.Build.0 = Debug|x86
		{820FE902-9FE7-434A-A2E6-69232D8E7755}.Debug|iPhoneSimulator.Deploy.0 = Debug|x86
		{820FE902-9FE7-434A-A2E6-69232D8E7755}.Debug|x64.ActiveCfg = Debug|x64
		{820FE902-9FE7-434A-A2E6-69232D8E7755}.Debug|x64.Build.0 = Debug|x64
		{820FE902-9FE7-434A-A2E6-69232D8E7755}.Debug|x64.Deploy.0 = Debug|x64
		{820FE902-9FE7-434A-A2E6-69232D8E7755}.Debug|x86.ActiveCfg = Debug|x86
		{820FE902-9FE7-434A-A2E6-69232D8E7755}.Debug|x86.Build.0 = Debug|x86
		{820FE902-9FE7-434A-A2E6-69232D8E7755}.Debug|x86.Deploy.0 = Debug|x86
		{820FE902-9FE7-434A-A2E6-69232D8E7755}.Release|Any CPU.ActiveCfg = Release|x86
		{820FE902-9FE7-434A-A2E6-69232D8E7755}.Release|Any CPU.Build.0 = Release|x86
		{820FE902-9FE7-434A-A2E6-69232D8E7755}.Release|Any CPU.Deploy.0 = Release|x86
		{820FE902-9FE7-434A-A2E6-69232D8E7755}.Release|ARM.ActiveCfg = Release|ARM
		{820FE902-9FE7-434A-A2E6-69232D8E7755}.Release|ARM.Build.0 = Release|ARM
		{820FE902-9FE7-434A-A2E6-69232D8E7755}.Release|ARM.Deploy.0 = Release|ARM
		{820FE902-9FE7-434A-A2E6-69232D8E7755}.Release|iPhone.ActiveCfg = Release|x86
		{820FE902-9FE7-434A-A2E6-69232D8E7755}.Release|iPhone.Build.0 = Release|x86
		{820FE902-9FE7-434A-A2E6-69232D8E7755}.Release|iPhone.Deploy.0 = Release|x86
		{820FE902-9FE7-434A-A2E6-69232D8E7755}.Release|iPhoneSimulator.ActiveCfg = Release|x86
		{820FE902-9FE7-434A-A2E6-69232D8E7755}.Release|iPhoneSimulator.Build.0 = Release|x86
		{820FE902-9FE7-434A-A2E6-69232D8E7755}.Release|iPhoneSimulator.Deploy.0 = Release|x86
		{820FE902-9FE7-434A-A2E6-69232D8E7755}.Release|x64.ActiveCfg = Release|x64
		{820FE902-9FE7-434A-A2E6-69232D8E7755}.Release|x64.Build.0 = Release|x64
		{820FE902-9FE7-434A-A2E6-69232D8E7755}.Release|x64.Deploy.0 = Release|x64
		{820FE902-9FE7-434A-A2E6-69232D8E7755}.Release|x86.ActiveCfg = Release|x86
		{820FE902-9FE7-434A-A2E6-69232D8E7755}.Release|x86.Build.0 = Release|x86
		{820FE902-9FE7-434A-A2E6-69232D8E7755}.Release|x86.Deploy.0 = Release|x86
		{495A9B44-6C12-42FE-BC9F-04D925625245}.Debug|Any CPU.ActiveCfg = Debug|Any CPU
		{495A9B44-6C12-42FE-BC9F-04D925625245}.Debug|Any CPU.Build.0 = Debug|Any CPU
		{495A9B44-6C12-42FE-BC9F-04D925625245}.Debug|Any CPU.Deploy.0 = Debug|Any CPU
		{495A9B44-6C12-42FE-BC9F-04D925625245}.Debug|ARM.ActiveCfg = Debug|Any CPU
		{495A9B44-6C12-42FE-BC9F-04D925625245}.Debug|ARM.Build.0 = Debug|Any CPU
		{495A9B44-6C12-42FE-BC9F-04D925625245}.Debug|ARM.Deploy.0 = Debug|Any CPU
		{495A9B44-6C12-42FE-BC9F-04D925625245}.Debug|iPhone.ActiveCfg = Debug|Any CPU
		{495A9B44-6C12-42FE-BC9F-04D925625245}.Debug|iPhone.Build.0 = Debug|Any CPU
		{495A9B44-6C12-42FE-BC9F-04D925625245}.Debug|iPhone.Deploy.0 = Debug|Any CPU
		{495A9B44-6C12-42FE-BC9F-04D925625245}.Debug|iPhoneSimulator.ActiveCfg = Debug|Any CPU
		{495A9B44-6C12-42FE-BC9F-04D925625245}.Debug|iPhoneSimulator.Build.0 = Debug|Any CPU
		{495A9B44-6C12-42FE-BC9F-04D925625245}.Debug|iPhoneSimulator.Deploy.0 = Debug|Any CPU
		{495A9B44-6C12-42FE-BC9F-04D925625245}.Debug|x64.ActiveCfg = Debug|Any CPU
		{495A9B44-6C12-42FE-BC9F-04D925625245}.Debug|x64.Build.0 = Debug|Any CPU
		{495A9B44-6C12-42FE-BC9F-04D925625245}.Debug|x64.Deploy.0 = Debug|Any CPU
		{495A9B44-6C12-42FE-BC9F-04D925625245}.Debug|x86.ActiveCfg = Debug|Any CPU
		{495A9B44-6C12-42FE-BC9F-04D925625245}.Debug|x86.Build.0 = Debug|Any CPU
		{495A9B44-6C12-42FE-BC9F-04D925625245}.Debug|x86.Deploy.0 = Debug|Any CPU
		{495A9B44-6C12-42FE-BC9F-04D925625245}.Release|Any CPU.ActiveCfg = Release|Any CPU
		{495A9B44-6C12-42FE-BC9F-04D925625245}.Release|Any CPU.Build.0 = Release|Any CPU
		{495A9B44-6C12-42FE-BC9F-04D925625245}.Release|Any CPU.Deploy.0 = Release|Any CPU
		{495A9B44-6C12-42FE-BC9F-04D925625245}.Release|ARM.ActiveCfg = Release|Any CPU
		{495A9B44-6C12-42FE-BC9F-04D925625245}.Release|ARM.Build.0 = Release|Any CPU
		{495A9B44-6C12-42FE-BC9F-04D925625245}.Release|ARM.Deploy.0 = Release|Any CPU
		{495A9B44-6C12-42FE-BC9F-04D925625245}.Release|iPhone.ActiveCfg = Release|Any CPU
		{495A9B44-6C12-42FE-BC9F-04D925625245}.Release|iPhone.Build.0 = Release|Any CPU
		{495A9B44-6C12-42FE-BC9F-04D925625245}.Release|iPhone.Deploy.0 = Release|Any CPU
		{495A9B44-6C12-42FE-BC9F-04D925625245}.Release|iPhoneSimulator.ActiveCfg = Release|Any CPU
		{495A9B44-6C12-42FE-BC9F-04D925625245}.Release|iPhoneSimulator.Build.0 = Release|Any CPU
		{495A9B44-6C12-42FE-BC9F-04D925625245}.Release|iPhoneSimulator.Deploy.0 = Release|Any CPU
		{495A9B44-6C12-42FE-BC9F-04D925625245}.Release|x64.ActiveCfg = Release|Any CPU
		{495A9B44-6C12-42FE-BC9F-04D925625245}.Release|x64.Build.0 = Release|Any CPU
		{495A9B44-6C12-42FE-BC9F-04D925625245}.Release|x64.Deploy.0 = Release|Any CPU
		{495A9B44-6C12-42FE-BC9F-04D925625245}.Release|x86.ActiveCfg = Release|Any CPU
		{495A9B44-6C12-42FE-BC9F-04D925625245}.Release|x86.Build.0 = Release|Any CPU
		{495A9B44-6C12-42FE-BC9F-04D925625245}.Release|x86.Deploy.0 = Release|Any CPU
		{242B2ED8-F036-4B94-ABA2-7738D78BF106}.Debug|Any CPU.ActiveCfg = Debug|iPhoneSimulator
		{242B2ED8-F036-4B94-ABA2-7738D78BF106}.Debug|Any CPU.Build.0 = Debug|iPhoneSimulator
		{242B2ED8-F036-4B94-ABA2-7738D78BF106}.Debug|Any CPU.Deploy.0 = Debug|iPhoneSimulator
		{242B2ED8-F036-4B94-ABA2-7738D78BF106}.Debug|ARM.ActiveCfg = Debug|iPhone
		{242B2ED8-F036-4B94-ABA2-7738D78BF106}.Debug|ARM.Build.0 = Debug|iPhone
		{242B2ED8-F036-4B94-ABA2-7738D78BF106}.Debug|ARM.Deploy.0 = Debug|iPhone
		{242B2ED8-F036-4B94-ABA2-7738D78BF106}.Debug|iPhone.ActiveCfg = Debug|iPhone
		{242B2ED8-F036-4B94-ABA2-7738D78BF106}.Debug|iPhone.Build.0 = Debug|iPhone
		{242B2ED8-F036-4B94-ABA2-7738D78BF106}.Debug|iPhone.Deploy.0 = Debug|iPhone
		{242B2ED8-F036-4B94-ABA2-7738D78BF106}.Debug|iPhoneSimulator.ActiveCfg = Debug|iPhoneSimulator
		{242B2ED8-F036-4B94-ABA2-7738D78BF106}.Debug|iPhoneSimulator.Build.0 = Debug|iPhoneSimulator
		{242B2ED8-F036-4B94-ABA2-7738D78BF106}.Debug|iPhoneSimulator.Deploy.0 = Debug|iPhoneSimulator
		{242B2ED8-F036-4B94-ABA2-7738D78BF106}.Debug|x64.ActiveCfg = Debug|iPhoneSimulator
		{242B2ED8-F036-4B94-ABA2-7738D78BF106}.Debug|x64.Build.0 = Debug|iPhoneSimulator
		{242B2ED8-F036-4B94-ABA2-7738D78BF106}.Debug|x64.Deploy.0 = Debug|iPhoneSimulator
		{242B2ED8-F036-4B94-ABA2-7738D78BF106}.Debug|x86.ActiveCfg = Debug|iPhoneSimulator
		{242B2ED8-F036-4B94-ABA2-7738D78BF106}.Debug|x86.Build.0 = Debug|iPhoneSimulator
		{242B2ED8-F036-4B94-ABA2-7738D78BF106}.Debug|x86.Deploy.0 = Debug|iPhoneSimulator
		{242B2ED8-F036-4B94-ABA2-7738D78BF106}.Release|Any CPU.ActiveCfg = Release|iPhoneSimulator
		{242B2ED8-F036-4B94-ABA2-7738D78BF106}.Release|Any CPU.Build.0 = Release|iPhoneSimulator
		{242B2ED8-F036-4B94-ABA2-7738D78BF106}.Release|Any CPU.Deploy.0 = Release|iPhoneSimulator
		{242B2ED8-F036-4B94-ABA2-7738D78BF106}.Release|ARM.ActiveCfg = Release|iPhoneSimulator
		{242B2ED8-F036-4B94-ABA2-7738D78BF106}.Release|ARM.Build.0 = Release|iPhoneSimulator
		{242B2ED8-F036-4B94-ABA2-7738D78BF106}.Release|ARM.Deploy.0 = Release|iPhoneSimulator
		{242B2ED8-F036-4B94-ABA2-7738D78BF106}.Release|iPhone.ActiveCfg = Release|iPhone
		{242B2ED8-F036-4B94-ABA2-7738D78BF106}.Release|iPhone.Build.0 = Release|iPhone
		{242B2ED8-F036-4B94-ABA2-7738D78BF106}.Release|iPhone.Deploy.0 = Release|iPhone
		{242B2ED8-F036-4B94-ABA2-7738D78BF106}.Release|iPhoneSimulator.ActiveCfg = Release|iPhoneSimulator
		{242B2ED8-F036-4B94-ABA2-7738D78BF106}.Release|iPhoneSimulator.Build.0 = Release|iPhoneSimulator
		{242B2ED8-F036-4B94-ABA2-7738D78BF106}.Release|iPhoneSimulator.Deploy.0 = Release|iPhoneSimulator
		{242B2ED8-F036-4B94-ABA2-7738D78BF106}.Release|x64.ActiveCfg = Release|iPhoneSimulator
		{242B2ED8-F036-4B94-ABA2-7738D78BF106}.Release|x64.Build.0 = Release|iPhoneSimulator
		{242B2ED8-F036-4B94-ABA2-7738D78BF106}.Release|x64.Deploy.0 = Release|iPhoneSimulator
		{242B2ED8-F036-4B94-ABA2-7738D78BF106}.Release|x86.ActiveCfg = Release|iPhoneSimulator
		{242B2ED8-F036-4B94-ABA2-7738D78BF106}.Release|x86.Build.0 = Release|iPhoneSimulator
		{242B2ED8-F036-4B94-ABA2-7738D78BF106}.Release|x86.Deploy.0 = Release|iPhoneSimulator
		{FF919F29-98B5-4542-8D79-9918C58BCF24}.Debug|Any CPU.ActiveCfg = Debug|Any CPU
		{FF919F29-98B5-4542-8D79-9918C58BCF24}.Debug|Any CPU.Build.0 = Debug|Any CPU
		{FF919F29-98B5-4542-8D79-9918C58BCF24}.Debug|Any CPU.Deploy.0 = Debug|Any CPU
		{FF919F29-98B5-4542-8D79-9918C58BCF24}.Debug|ARM.ActiveCfg = Debug|Any CPU
		{FF919F29-98B5-4542-8D79-9918C58BCF24}.Debug|ARM.Build.0 = Debug|Any CPU
		{FF919F29-98B5-4542-8D79-9918C58BCF24}.Debug|ARM.Deploy.0 = Debug|Any CPU
		{FF919F29-98B5-4542-8D79-9918C58BCF24}.Debug|iPhone.ActiveCfg = Debug|Any CPU
		{FF919F29-98B5-4542-8D79-9918C58BCF24}.Debug|iPhone.Build.0 = Debug|Any CPU
		{FF919F29-98B5-4542-8D79-9918C58BCF24}.Debug|iPhone.Deploy.0 = Debug|Any CPU
		{FF919F29-98B5-4542-8D79-9918C58BCF24}.Debug|iPhoneSimulator.ActiveCfg = Debug|Any CPU
		{FF919F29-98B5-4542-8D79-9918C58BCF24}.Debug|iPhoneSimulator.Build.0 = Debug|Any CPU
		{FF919F29-98B5-4542-8D79-9918C58BCF24}.Debug|iPhoneSimulator.Deploy.0 = Debug|Any CPU
		{FF919F29-98B5-4542-8D79-9918C58BCF24}.Debug|x64.ActiveCfg = Debug|Any CPU
		{FF919F29-98B5-4542-8D79-9918C58BCF24}.Debug|x64.Build.0 = Debug|Any CPU
		{FF919F29-98B5-4542-8D79-9918C58BCF24}.Debug|x64.Deploy.0 = Debug|Any CPU
		{FF919F29-98B5-4542-8D79-9918C58BCF24}.Debug|x86.ActiveCfg = Debug|Any CPU
		{FF919F29-98B5-4542-8D79-9918C58BCF24}.Debug|x86.Build.0 = Debug|Any CPU
		{FF919F29-98B5-4542-8D79-9918C58BCF24}.Debug|x86.Deploy.0 = Debug|Any CPU
		{FF919F29-98B5-4542-8D79-9918C58BCF24}.Release|Any CPU.ActiveCfg = Release|Any CPU
		{FF919F29-98B5-4542-8D79-9918C58BCF24}.Release|Any CPU.Build.0 = Release|Any CPU
		{FF919F29-98B5-4542-8D79-9918C58BCF24}.Release|Any CPU.Deploy.0 = Release|Any CPU
		{FF919F29-98B5-4542-8D79-9918C58BCF24}.Release|ARM.ActiveCfg = Release|Any CPU
		{FF919F29-98B5-4542-8D79-9918C58BCF24}.Release|ARM.Build.0 = Release|Any CPU
		{FF919F29-98B5-4542-8D79-9918C58BCF24}.Release|ARM.Deploy.0 = Release|Any CPU
		{FF919F29-98B5-4542-8D79-9918C58BCF24}.Release|iPhone.ActiveCfg = Release|Any CPU
		{FF919F29-98B5-4542-8D79-9918C58BCF24}.Release|iPhone.Build.0 = Release|Any CPU
		{FF919F29-98B5-4542-8D79-9918C58BCF24}.Release|iPhone.Deploy.0 = Release|Any CPU
		{FF919F29-98B5-4542-8D79-9918C58BCF24}.Release|iPhoneSimulator.ActiveCfg = Release|Any CPU
		{FF919F29-98B5-4542-8D79-9918C58BCF24}.Release|iPhoneSimulator.Build.0 = Release|Any CPU
		{FF919F29-98B5-4542-8D79-9918C58BCF24}.Release|iPhoneSimulator.Deploy.0 = Release|Any CPU
		{FF919F29-98B5-4542-8D79-9918C58BCF24}.Release|x64.ActiveCfg = Release|Any CPU
		{FF919F29-98B5-4542-8D79-9918C58BCF24}.Release|x64.Build.0 = Release|Any CPU
		{FF919F29-98B5-4542-8D79-9918C58BCF24}.Release|x64.Deploy.0 = Release|Any CPU
		{FF919F29-98B5-4542-8D79-9918C58BCF24}.Release|x86.ActiveCfg = Release|Any CPU
		{FF919F29-98B5-4542-8D79-9918C58BCF24}.Release|x86.Build.0 = Release|Any CPU
		{FF919F29-98B5-4542-8D79-9918C58BCF24}.Release|x86.Deploy.0 = Release|Any CPU
	EndGlobalSection
	GlobalSection(SolutionProperties) = preSolution
		HideSolutionNode = FALSE
	EndGlobalSection
	GlobalSection(ExtensibilityGlobals) = postSolution
		SolutionGuid = {9F2D8278-EF0E-4A81-9D35-D02930BF5CFA}
	EndGlobalSection
EndGlobal
